// !$*UTF8*$!
{
	archiveVersion = 1;
	classes = {
	};
	objectVersion = 56;
	objects = {

/* Begin PBXBuildFile section */
		941938712E0C73660050D1E7 /* fox_map.metal in Sources */ = {isa = PBXBuildFile; fileRef = 941938702E0C73660050D1E7 /* fox_map.metal */; };
		941938732E0C82900050D1E7 /* fox_map.cpp in Sources */ = {isa = PBXBuildFile; fileRef = 9419386E2E0C68DD0050D1E7 /* fox_map.cpp */; };
		941938872E0DB2260050D1E7 /* map_tests.cpp in Sources */ = {isa = PBXBuildFile; fileRef = 941938862E0DB2260050D1E7 /* map_tests.cpp */; };
		9419388B2E0DB2E40050D1E7 /* Foundation.framework in Frameworks */ = {isa = PBXBuildFile; fileRef = 94D8FD0D2E09E1AE00905B03 /* Foundation.framework */; };
		9419388C2E0DB2E90050D1E7 /* QuartzCore.framework in Frameworks */ = {isa = PBXBuildFile; fileRef = 94D8FD0F2E09E1B700905B03 /* QuartzCore.framework */; };
		9419388D2E0DB2EE0050D1E7 /* Metal.framework in Frameworks */ = {isa = PBXBuildFile; fileRef = 94D8FD0B2E09DEB500905B03 /* Metal.framework */; };
		9419388E2E0DB3680050D1E7 /* fox_map.cpp in Sources */ = {isa = PBXBuildFile; fileRef = 9419386E2E0C68DD0050D1E7 /* fox_map.cpp */; };
		941938902E0DBFF30050D1E7 /* fox_map.metal in Sources */ = {isa = PBXBuildFile; fileRef = 941938702E0C73660050D1E7 /* fox_map.metal */; };
		94D8FD002E09DC4000905B03 /* main.cpp in Sources */ = {isa = PBXBuildFile; fileRef = 94D8FCFF2E09DC4000905B03 /* main.cpp */; };
		94D8FD0C2E09DEB500905B03 /* Metal.framework in Frameworks */ = {isa = PBXBuildFile; fileRef = 94D8FD0B2E09DEB500905B03 /* Metal.framework */; };
		94D8FD0E2E09E1AF00905B03 /* Foundation.framework in Frameworks */ = {isa = PBXBuildFile; fileRef = 94D8FD0D2E09E1AE00905B03 /* Foundation.framework */; };
		94D8FD102E09E1B700905B03 /* QuartzCore.framework in Frameworks */ = {isa = PBXBuildFile; fileRef = 94D8FD0F2E09E1B700905B03 /* QuartzCore.framework */; };
/* End PBXBuildFile section */

/* Begin PBXCopyFilesBuildPhase section */
		941938822E0DB2260050D1E7 /* CopyFiles */ = {
			isa = PBXCopyFilesBuildPhase;
			buildActionMask = 2147483647;
			dstPath = /usr/share/man/man1/;
			dstSubfolderSpec = 0;
			files = (
			);
			runOnlyForDeploymentPostprocessing = 1;
		};
		94D8FCFA2E09DC4000905B03 /* CopyFiles */ = {
			isa = PBXCopyFilesBuildPhase;
			buildActionMask = 2147483647;
			dstPath = /usr/share/man/man1/;
			dstSubfolderSpec = 0;
			files = (
			);
			runOnlyForDeploymentPostprocessing = 1;
		};
/* End PBXCopyFilesBuildPhase section */

/* Begin PBXFileReference section */
		9419386C2E0C68010050D1E7 /* fox_map.hpp */ = {isa = PBXFileReference; lastKnownFileType = sourcecode.cpp.h; path = fox_map.hpp; sourceTree = "<group>"; };
		9419386D2E0C688B0050D1E7 /* metal_config.hpp */ = {isa = PBXFileReference; lastKnownFileType = sourcecode.cpp.h; path = metal_config.hpp; sourceTree = "<group>"; };
		9419386E2E0C68DD0050D1E7 /* fox_map.cpp */ = {isa = PBXFileReference; lastKnownFileType = sourcecode.cpp.cpp; path = fox_map.cpp; sourceTree = "<group>"; };
		941938702E0C73660050D1E7 /* fox_map.metal */ = {isa = PBXFileReference; lastKnownFileType = sourcecode.metal; path = fox_map.metal; sourceTree = "<group>"; };
		941938722E0C81B60050D1E7 /* fox_map_config.hpp */ = {isa = PBXFileReference; lastKnownFileType = sourcecode.cpp.h; path = fox_map_config.hpp; sourceTree = "<group>"; };
		941938842E0DB2260050D1E7 /* tests */ = {isa = PBXFileReference; explicitFileType = "compiled.mach-o.executable"; includeInIndex = 0; path = tests; sourceTree = BUILT_PRODUCTS_DIR; };
		941938862E0DB2260050D1E7 /* map_tests.cpp */ = {isa = PBXFileReference; lastKnownFileType = sourcecode.cpp.cpp; path = map_tests.cpp; sourceTree = "<group>"; };
		9419388F2E0DB3AF0050D1E7 /* test_utils.hpp */ = {isa = PBXFileReference; lastKnownFileType = sourcecode.cpp.h; path = test_utils.hpp; sourceTree = "<group>"; };
		94D8FCFC2E09DC4000905B03 /* metal-project */ = {isa = PBXFileReference; explicitFileType = "compiled.mach-o.executable"; includeInIndex = 0; path = "metal-project"; sourceTree = BUILT_PRODUCTS_DIR; };
		94D8FCFF2E09DC4000905B03 /* main.cpp */ = {isa = PBXFileReference; lastKnownFileType = sourcecode.cpp.cpp; path = main.cpp; sourceTree = "<group>"; };
		94D8FD072E09DEA300905B03 /* MetalKit.framework */ = {isa = PBXFileReference; lastKnownFileType = wrapper.framework; name = MetalKit.framework; path = System/Library/Frameworks/MetalKit.framework; sourceTree = SDKROOT; };
		94D8FD092E09DEB000905B03 /* AppKit.framework */ = {isa = PBXFileReference; lastKnownFileType = wrapper.framework; name = AppKit.framework; path = System/Library/Frameworks/AppKit.framework; sourceTree = SDKROOT; };
		94D8FD0B2E09DEB500905B03 /* Metal.framework */ = {isa = PBXFileReference; lastKnownFileType = wrapper.framework; name = Metal.framework; path = System/Library/Frameworks/Metal.framework; sourceTree = SDKROOT; };
		94D8FD0D2E09E1AE00905B03 /* Foundation.framework */ = {isa = PBXFileReference; lastKnownFileType = wrapper.framework; name = Foundation.framework; path = System/Library/Frameworks/Foundation.framework; sourceTree = SDKROOT; };
		94D8FD0F2E09E1B700905B03 /* QuartzCore.framework */ = {isa = PBXFileReference; lastKnownFileType = wrapper.framework; name = QuartzCore.framework; path = System/Library/Frameworks/QuartzCore.framework; sourceTree = SDKROOT; };
/* End PBXFileReference section */

/* Begin PBXFrameworksBuildPhase section */
		941938812E0DB2260050D1E7 /* Frameworks */ = {
			isa = PBXFrameworksBuildPhase;
			buildActionMask = 2147483647;
			files = (
				9419388D2E0DB2EE0050D1E7 /* Metal.framework in Frameworks */,
				9419388C2E0DB2E90050D1E7 /* QuartzCore.framework in Frameworks */,
				9419388B2E0DB2E40050D1E7 /* Foundation.framework in Frameworks */,
			);
			runOnlyForDeploymentPostprocessing = 0;
		};
		94D8FCF92E09DC4000905B03 /* Frameworks */ = {
			isa = PBXFrameworksBuildPhase;
			buildActionMask = 2147483647;
			files = (
				94D8FD0E2E09E1AF00905B03 /* Foundation.framework in Frameworks */,
				94D8FD102E09E1B700905B03 /* QuartzCore.framework in Frameworks */,
				94D8FD0C2E09DEB500905B03 /* Metal.framework in Frameworks */,
			);
			runOnlyForDeploymentPostprocessing = 0;
		};
/* End PBXFrameworksBuildPhase section */

/* Begin PBXGroup section */
		9419386B2E0C67EB0050D1E7 /* fox_map */ = {
			isa = PBXGroup;
			children = (
				9419386C2E0C68010050D1E7 /* fox_map.hpp */,
				9419386E2E0C68DD0050D1E7 /* fox_map.cpp */,
				941938722E0C81B60050D1E7 /* fox_map_config.hpp */,
			);
			path = fox_map;
			sourceTree = "<group>";
		};
		941938852E0DB2260050D1E7 /* tests */ = {
			isa = PBXGroup;
			children = (
				941938862E0DB2260050D1E7 /* map_tests.cpp */,
				9419388F2E0DB3AF0050D1E7 /* test_utils.hpp */,
			);
			path = tests;
			sourceTree = "<group>";
		};
		94D8FCF32E09DC4000905B03 = {
			isa = PBXGroup;
			children = (
				94D8FCFE2E09DC4000905B03 /* metal-project */,
				94D8FCFD2E09DC4000905B03 /* Products */,
				94D8FD062E09DEA300905B03 /* Frameworks */,
			);
			sourceTree = "<group>";
		};
		94D8FCFD2E09DC4000905B03 /* Products */ = {
			isa = PBXGroup;
			children = (
				94D8FCFC2E09DC4000905B03 /* metal-project */,
				941938842E0DB2260050D1E7 /* tests */,
			);
			name = Products;
			sourceTree = "<group>";
		};
		94D8FCFE2E09DC4000905B03 /* metal-project */ = {
			isa = PBXGroup;
			children = (
				941938852E0DB2260050D1E7 /* tests */,
				9419386B2E0C67EB0050D1E7 /* fox_map */,
				94D8FD112E09E76100905B03 /* kernels */,
				94D8FCFF2E09DC4000905B03 /* main.cpp */,
				9419386D2E0C688B0050D1E7 /* metal_config.hpp */,
			);
			path = "metal-project";
			sourceTree = "<group>";
		};
		94D8FD062E09DEA300905B03 /* Frameworks */ = {
			isa = PBXGroup;
			children = (
				94D8FD0F2E09E1B700905B03 /* QuartzCore.framework */,
				94D8FD0D2E09E1AE00905B03 /* Foundation.framework */,
				94D8FD0B2E09DEB500905B03 /* Metal.framework */,
				94D8FD092E09DEB000905B03 /* AppKit.framework */,
				94D8FD072E09DEA300905B03 /* MetalKit.framework */,
			);
			name = Frameworks;
			sourceTree = "<group>";
		};
		94D8FD112E09E76100905B03 /* kernels */ = {
			isa = PBXGroup;
			children = (
				941938702E0C73660050D1E7 /* fox_map.metal */,
			);
			path = kernels;
			sourceTree = "<group>";
		};
/* End PBXGroup section */

/* Begin PBXNativeTarget section */
		941938832E0DB2260050D1E7 /* tests */ = {
			isa = PBXNativeTarget;
			buildConfigurationList = 941938882E0DB2260050D1E7 /* Build configuration list for PBXNativeTarget "tests" */;
			buildPhases = (
				941938802E0DB2260050D1E7 /* Sources */,
				941938812E0DB2260050D1E7 /* Frameworks */,
				941938822E0DB2260050D1E7 /* CopyFiles */,
			);
			buildRules = (
			);
			dependencies = (
			);
			name = tests;
			productName = tests;
			productReference = 941938842E0DB2260050D1E7 /* tests */;
			productType = "com.apple.product-type.tool";
		};
		94D8FCFB2E09DC4000905B03 /* metal-project */ = {
			isa = PBXNativeTarget;
			buildConfigurationList = 94D8FD032E09DC4000905B03 /* Build configuration list for PBXNativeTarget "metal-project" */;
			buildPhases = (
				94D8FCF82E09DC4000905B03 /* Sources */,
				94D8FCF92E09DC4000905B03 /* Frameworks */,
				94D8FCFA2E09DC4000905B03 /* CopyFiles */,
			);
			buildRules = (
			);
			dependencies = (
			);
			name = "metal-project";
			productName = "metal-project";
			productReference = 94D8FCFC2E09DC4000905B03 /* metal-project */;
			productType = "com.apple.product-type.tool";
		};
/* End PBXNativeTarget section */

/* Begin PBXProject section */
		94D8FCF42E09DC4000905B03 /* Project object */ = {
			isa = PBXProject;
			attributes = {
				BuildIndependentTargetsInParallel = 1;
				LastUpgradeCheck = 1520;
				TargetAttributes = {
					941938832E0DB2260050D1E7 = {
						CreatedOnToolsVersion = 15.2;
					};
					94D8FCFB2E09DC4000905B03 = {
						CreatedOnToolsVersion = 15.2;
					};
				};
			};
			buildConfigurationList = 94D8FCF72E09DC4000905B03 /* Build configuration list for PBXProject "metql_fox" */;
			compatibilityVersion = "Xcode 14.0";
			developmentRegion = en;
			hasScannedForEncodings = 0;
			knownRegions = (
				en,
				Base,
			);
			mainGroup = 94D8FCF32E09DC4000905B03;
			productRefGroup = 94D8FCFD2E09DC4000905B03 /* Products */;
			projectDirPath = "";
			projectRoot = "";
			targets = (
				94D8FCFB2E09DC4000905B03 /* metal-project */,
				941938832E0DB2260050D1E7 /* tests */,
			);
		};
/* End PBXProject section */

/* Begin PBXSourcesBuildPhase section */
		941938802E0DB2260050D1E7 /* Sources */ = {
			isa = PBXSourcesBuildPhase;
			buildActionMask = 2147483647;
			files = (
				941938902E0DBFF30050D1E7 /* fox_map.metal in Sources */,
				9419388E2E0DB3680050D1E7 /* fox_map.cpp in Sources */,
				941938872E0DB2260050D1E7 /* map_tests.cpp in Sources */,
			);
			runOnlyForDeploymentPostprocessing = 0;
		};
		94D8FCF82E09DC4000905B03 /* Sources */ = {
			isa = PBXSourcesBuildPhase;
			buildActionMask = 2147483647;
			files = (
				941938732E0C82900050D1E7 /* fox_map.cpp in Sources */,
				941938712E0C73660050D1E7 /* fox_map.metal in Sources */,
				94D8FD002E09DC4000905B03 /* main.cpp in Sources */,
			);
			runOnlyForDeploymentPostprocessing = 0;
		};
/* End PBXSourcesBuildPhase section */

/* Begin XCBuildConfiguration section */
		941938892E0DB2260050D1E7 /* Debug */ = {
			isa = XCBuildConfiguration;
			buildSettings = {
				CODE_SIGN_STYLE = Automatic;
				PRODUCT_NAME = "$(TARGET_NAME)";
				SYSTEM_HEADER_SEARCH_PATHS = "$(PROJECT_DIR)/metal-cpp";
			};
			name = Debug;
		};
		9419388A2E0DB2260050D1E7 /* Release */ = {
			isa = XCBuildConfiguration;
			buildSettings = {
				CODE_SIGN_STYLE = Automatic;
				PRODUCT_NAME = "$(TARGET_NAME)";
				SYSTEM_HEADER_SEARCH_PATHS = "$(PROJECT_DIR)/metal-cpp";
			};
			name = Release;
		};
		94D8FD012E09DC4000905B03 /* Debug */ = {
			isa = XCBuildConfiguration;
			buildSettings = {
				ALWAYS_SEARCH_USER_PATHS = NO;
				ASSETCATALOG_COMPILER_GENERATE_SWIFT_ASSET_SYMBOL_EXTENSIONS = YES;
				CLANG_ANALYZER_NONNULL = YES;
				CLANG_ANALYZER_NUMBER_OBJECT_CONVERSION = YES_AGGRESSIVE;
				CLANG_CXX_LANGUAGE_STANDARD = "gnu++20";
				CLANG_ENABLE_MODULES = YES;
				CLANG_ENABLE_OBJC_ARC = YES;
				CLANG_ENABLE_OBJC_WEAK = YES;
				CLANG_WARN_BLOCK_CAPTURE_AUTORELEASING = YES;
				CLANG_WARN_BOOL_CONVERSION = YES;
				CLANG_WARN_COMMA = YES;
				CLANG_WARN_CONSTANT_CONVERSION = YES;
				CLANG_WARN_DEPRECATED_OBJC_IMPLEMENTATIONS = YES;
				CLANG_WARN_DIRECT_OBJC_ISA_USAGE = YES_ERROR;
				CLANG_WARN_DOCUMENTATION_COMMENTS = YES;
				CLANG_WARN_EMPTY_BODY = YES;
				CLANG_WARN_ENUM_CONVERSION = YES;
				CLANG_WARN_INFINITE_RECURSION = YES;
				CLANG_WARN_INT_CONVERSION = YES;
				CLANG_WARN_NON_LITERAL_NULL_CONVERSION = YES;
				CLANG_WARN_OBJC_IMPLICIT_RETAIN_SELF = YES;
				CLANG_WARN_OBJC_LITERAL_CONVERSION = YES;
				CLANG_WARN_OBJC_ROOT_CLASS = YES_ERROR;
				CLANG_WARN_QUOTED_INCLUDE_IN_FRAMEWORK_HEADER = YES;
				CLANG_WARN_RANGE_LOOP_ANALYSIS = YES;
				CLANG_WARN_STRICT_PROTOTYPES = YES;
				CLANG_WARN_SUSPICIOUS_MOVE = YES;
				CLANG_WARN_UNGUARDED_AVAILABILITY = YES_AGGRESSIVE;
				CLANG_WARN_UNREACHABLE_CODE = YES;
				CLANG_WARN__DUPLICATE_METHOD_MATCH = YES;
				COPY_PHASE_STRIP = NO;
				DEBUG_INFORMATION_FORMAT = dwarf;
				ENABLE_STRICT_OBJC_MSGSEND = YES;
				ENABLE_TESTABILITY = YES;
				ENABLE_USER_SCRIPT_SANDBOXING = YES;
				GCC_C_LANGUAGE_STANDARD = gnu17;
				GCC_DYNAMIC_NO_PIC = NO;
				GCC_NO_COMMON_BLOCKS = YES;
				GCC_OPTIMIZATION_LEVEL = 0;
				GCC_PREPROCESSOR_DEFINITIONS = (
					"DEBUG=1",
					"$(inherited)",
				);
				GCC_WARN_64_TO_32_BIT_CONVERSION = YES;
				GCC_WARN_ABOUT_RETURN_TYPE = YES_ERROR;
				GCC_WARN_UNDECLARED_SELECTOR = YES;
				GCC_WARN_UNINITIALIZED_AUTOS = YES_AGGRESSIVE;
				GCC_WARN_UNUSED_FUNCTION = YES;
				GCC_WARN_UNUSED_VARIABLE = YES;
				LOCALIZATION_PREFERS_STRING_CATALOGS = YES;
				MACOSX_DEPLOYMENT_TARGET = 14.0;
				MTL_ENABLE_DEBUG_INFO = INCLUDE_SOURCE;
				MTL_FAST_MATH = YES;
				ONLY_ACTIVE_ARCH = YES;
				SDKROOT = macosx;
			};
			name = Debug;
		};
		94D8FD022E09DC4000905B03 /* Release */ = {
			isa = XCBuildConfiguration;
			buildSettings = {
				ALWAYS_SEARCH_USER_PATHS = NO;
				ASSETCATALOG_COMPILER_GENERATE_SWIFT_ASSET_SYMBOL_EXTENSIONS = YES;
				CLANG_ANALYZER_NONNULL = YES;
				CLANG_ANALYZER_NUMBER_OBJECT_CONVERSION = YES_AGGRESSIVE;
				CLANG_CXX_LANGUAGE_STANDARD = "gnu++20";
				CLANG_ENABLE_MODULES = YES;
				CLANG_ENABLE_OBJC_ARC = YES;
				CLANG_ENABLE_OBJC_WEAK = YES;
				CLANG_WARN_BLOCK_CAPTURE_AUTORELEASING = YES;
				CLANG_WARN_BOOL_CONVERSION = YES;
				CLANG_WARN_COMMA = YES;
				CLANG_WARN_CONSTANT_CONVERSION = YES;
				CLANG_WARN_DEPRECATED_OBJC_IMPLEMENTATIONS = YES;
				CLANG_WARN_DIRECT_OBJC_ISA_USAGE = YES_ERROR;
				CLANG_WARN_DOCUMENTATION_COMMENTS = YES;
				CLANG_WARN_EMPTY_BODY = YES;
				CLANG_WARN_ENUM_CONVERSION = YES;
				CLANG_WARN_INFINITE_RECURSION = YES;
				CLANG_WARN_INT_CONVERSION = YES;
				CLANG_WARN_NON_LITERAL_NULL_CONVERSION = YES;
				CLANG_WARN_OBJC_IMPLICIT_RETAIN_SELF = YES;
				CLANG_WARN_OBJC_LITERAL_CONVERSION = YES;
				CLANG_WARN_OBJC_ROOT_CLASS = YES_ERROR;
				CLANG_WARN_QUOTED_INCLUDE_IN_FRAMEWORK_HEADER = YES;
				CLANG_WARN_RANGE_LOOP_ANALYSIS = YES;
				CLANG_WARN_STRICT_PROTOTYPES = YES;
				CLANG_WARN_SUSPICIOUS_MOVE = YES;
				CLANG_WARN_UNGUARDED_AVAILABILITY = YES_AGGRESSIVE;
				CLANG_WARN_UNREACHABLE_CODE = YES;
				CLANG_WARN__DUPLICATE_METHOD_MATCH = YES;
				COPY_PHASE_STRIP = NO;
				DEBUG_INFORMATION_FORMAT = "dwarf-with-dsym";
				ENABLE_NS_ASSERTIONS = NO;
				ENABLE_STRICT_OBJC_MSGSEND = YES;
				ENABLE_USER_SCRIPT_SANDBOXING = YES;
				GCC_C_LANGUAGE_STANDARD = gnu17;
				GCC_NO_COMMON_BLOCKS = YES;
				GCC_WARN_64_TO_32_BIT_CONVERSION = YES;
				GCC_WARN_ABOUT_RETURN_TYPE = YES_ERROR;
				GCC_WARN_UNDECLARED_SELECTOR = YES;
				GCC_WARN_UNINITIALIZED_AUTOS = YES_AGGRESSIVE;
				GCC_WARN_UNUSED_FUNCTION = YES;
				GCC_WARN_UNUSED_VARIABLE = YES;
				LOCALIZATION_PREFERS_STRING_CATALOGS = YES;
				MACOSX_DEPLOYMENT_TARGET = 14.0;
				MTL_ENABLE_DEBUG_INFO = NO;
				MTL_FAST_MATH = YES;
				SDKROOT = macosx;
			};
			name = Release;
		};
		94D8FD042E09DC4000905B03 /* Debug */ = {
			isa = XCBuildConfiguration;
			buildSettings = {
				ALWAYS_SEARCH_USER_PATHS = NO;
				CLANG_CXX_LANGUAGE_STANDARD = "c++17";
				CODE_SIGN_STYLE = Automatic;
				PRODUCT_NAME = "$(TARGET_NAME)";
				SYSTEM_HEADER_SEARCH_PATHS = "$(PROJECT_DIR)/metal-cpp";
				USER_HEADER_SEARCH_PATHS = "";
				USE_HEADERMAP = YES;
			};
			name = Debug;
		};
		94D8FD052E09DC4000905B03 /* Release */ = {
			isa = XCBuildConfiguration;
			buildSettings = {
				ALWAYS_SEARCH_USER_PATHS = NO;
				CLANG_CXX_LANGUAGE_STANDARD = "c++17";
				CODE_SIGN_STYLE = Automatic;
				PRODUCT_NAME = "$(TARGET_NAME)";
				SYSTEM_HEADER_SEARCH_PATHS = "$(PROJECT_DIR)/metal-cpp";
				USER_HEADER_SEARCH_PATHS = "";
				USE_HEADERMAP = YES;
			};
			name = Release;
		};
/* End XCBuildConfiguration section */

/* Begin XCConfigurationList section */
		941938882E0DB2260050D1E7 /* Build configuration list for PBXNativeTarget "tests" */ = {
			isa = XCConfigurationList;
			buildConfigurations = (
				941938892E0DB2260050D1E7 /* Debug */,
				9419388A2E0DB2260050D1E7 /* Release */,
			);
			defaultConfigurationIsVisible = 0;
			defaultConfigurationName = Release;
		};
		94D8FCF72E09DC4000905B03 /* Build configuration list for PBXProject "metql_fox" */ = {
			isa = XCConfigurationList;
			buildConfigurations = (
				94D8FD012E09DC4000905B03 /* Debug */,
				94D8FD022E09DC4000905B03 /* Release */,
			);
			defaultConfigurationIsVisible = 0;
			defaultConfigurationName = Release;
		};
		94D8FD032E09DC4000905B03 /* Build configuration list for PBXNativeTarget "metal-project" */ = {
			isa = XCConfigurationList;
			buildConfigurations = (
				94D8FD042E09DC4000905B03 /* Debug */,
				94D8FD052E09DC4000905B03 /* Release */,
			);
			defaultConfigurationIsVisible = 0;
			defaultConfigurationName = Release;
		};
/* End XCConfigurationList section */
	};
	rootObject = 94D8FCF42E09DC4000905B03 /* Project object */;
}
